// !$*UTF8*$!
{
	archiveVersion = 1;
	classes = {
	};
	objectVersion = 77;
	objects = {

/* Begin PBXContainerItemProxy section */
		522345492EECDA0B002AB820 /* PBXContainerItemProxy */ = {
			isa = PBXContainerItemProxy;
			containerPortal = 5223452E2EECDA09002AB820 /* Project object */;
			proxyType = 1;
			remoteGlobalIDString = 522345352EECDA09002AB820;
			remoteInfo = PlanRader_iOS;
		};
		522345532EECDA0B002AB820 /* PBXContainerItemProxy */ = {
			isa = PBXContainerItemProxy;
			containerPortal = 5223452E2EECDA09002AB820 /* Project object */;
			proxyType = 1;
			remoteGlobalIDString = 522345352EECDA09002AB820;
			remoteInfo = PlanRader_iOS;
		};
/* End PBXContainerItemProxy section */

/* Begin PBXFileReference section */
		522345362EECDA09002AB820 /* PlanRader_iOS.app */ = {isa = PBXFileReference; explicitFileType = wrapper.application; includeInIndex = 0; path = PlanRader_iOS.app; sourceTree = BUILT_PRODUCTS_DIR; };
		522345482EECDA0B002AB820 /* PlanRader_iOSTests.xctest */ = {isa = PBXFileReference; explicitFileType = wrapper.cfbundle; includeInIndex = 0; path = PlanRader_iOSTests.xctest; sourceTree = BUILT_PRODUCTS_DIR; };
		522345522EECDA0B002AB820 /* PlanRader_iOSUITests.xctest */ = {isa = PBXFileReference; explicitFileType = wrapper.cfbundle; includeInIndex = 0; path = PlanRader_iOSUITests.xctest; sourceTree = BUILT_PRODUCTS_DIR; };
/* End PBXFileReference section */

/* Begin PBXFileSystemSynchronizedRootGroup section */
		522345382EECDA09002AB820 /* PlanRader_iOS */ = {
			isa = PBXFileSystemSynchronizedRootGroup;
			path = PlanRader_iOS;
			sourceTree = "<group>";
		};
		5223454B2EECDA0B002AB820 /* PlanRader_iOSTests */ = {
			isa = PBXFileSystemSynchronizedRootGroup;
			path = PlanRader_iOSTests;
			sourceTree = "<group>";
		};
		522345552EECDA0B002AB820 /* PlanRader_iOSUITests */ = {
			isa = PBXFileSystemSynchronizedRootGroup;
			path = PlanRader_iOSUITests;
			sourceTree = "<group>";
		};
/* End PBXFileSystemSynchronizedRootGroup section */

/* Begin PBXFrameworksBuildPhase section */
		522345332EECDA09002AB820 /* Frameworks */ = {
			isa = PBXFrameworksBuildPhase;
			buildActionMask = 2147483647;
			files = (
			);
			runOnlyForDeploymentPostprocessing = 0;
		};
		522345452EECDA0B002AB820 /* Frameworks */ = {
			isa = PBXFrameworksBuildPhase;
			buildActionMask = 2147483647;
			files = (
			);
			runOnlyForDeploymentPostprocessing = 0;
		};
		5223454F2EECDA0B002AB820 /* Frameworks */ = {
			isa = PBXFrameworksBuildPhase;
			buildActionMask = 2147483647;
			files = (
			);
			runOnlyForDeploymentPostprocessing = 0;
		};
/* End PBXFrameworksBuildPhase section */

/* Begin PBXGroup section */
		5223452D2EECDA09002AB820 = {
			isa = PBXGroup;
			children = (
				522345382EECDA09002AB820 /* PlanRader_iOS */,
				5223454B2EECDA0B002AB820 /* PlanRader_iOSTests */,
				522345552EECDA0B002AB820 /* PlanRader_iOSUITests */,
				522345372EECDA09002AB820 /* Products */,
			);
			sourceTree = "<group>";
		};
		522345372EECDA09002AB820 /* Products */ = {
			isa = PBXGroup;
			children = (
				522345362EECDA09002AB820 /* PlanRader_iOS.app */,
				522345482EECDA0B002AB820 /* PlanRader_iOSTests.xctest */,
				522345522EECDA0B002AB820 /* PlanRader_iOSUITests.xctest */,
			);
			name = Products;
			sourceTree = "<group>";
		};
/* End PBXGroup section */

/* Begin PBXNativeTarget section */
		522345352EECDA09002AB820 /* PlanRader_iOS */ = {
			isa = PBXNativeTarget;
			buildConfigurationList = 5223455C2EECDA0B002AB820 /* Build configuration list for PBXNativeTarget "PlanRader_iOS" */;
			buildPhases = (
				522345322EECDA09002AB820 /* Sources */,
				522345332EECDA09002AB820 /* Frameworks */,
				522345342EECDA09002AB820 /* Resources */,
			);
			buildRules = (
			);
			dependencies = (
			);
			fileSystemSynchronizedGroups = (
				522345382EECDA09002AB820 /* PlanRader_iOS */,
			);
			name = PlanRader_iOS;
			packageProductDependencies = (
			);
			productName = PlanRader_iOS;
			productReference = 522345362EECDA09002AB820 /* PlanRader_iOS.app */;
			productType = "com.apple.product-type.application";
		};
		522345472EECDA0B002AB820 /* PlanRader_iOSTests */ = {
			isa = PBXNativeTarget;
			buildConfigurationList = 5223455F2EECDA0B002AB820 /* Build configuration list for PBXNativeTarget "PlanRader_iOSTests" */;
			buildPhases = (
				522345442EECDA0B002AB820 /* Sources */,
				522345452EECDA0B002AB820 /* Frameworks */,
				522345462EECDA0B002AB820 /* Resources */,
			);
			buildRules = (
			);
			dependencies = (
				5223454A2EECDA0B002AB820 /* PBXTargetDependency */,
			);
			fileSystemSynchronizedGroups = (
				5223454B2EECDA0B002AB820 /* PlanRader_iOSTests */,
			);
			name = PlanRader_iOSTests;
			packageProductDependencies = (
			);
			productName = PlanRader_iOSTests;
			productReference = 522345482EECDA0B002AB820 /* PlanRader_iOSTests.xctest */;
			productType = "com.apple.product-type.bundle.unit-test";
		};
		522345512EECDA0B002AB820 /* PlanRader_iOSUITests */ = {
			isa = PBXNativeTarget;
			buildConfigurationList = 522345622EECDA0B002AB820 /* Build configuration list for PBXNativeTarget "PlanRader_iOSUITests" */;
			buildPhases = (
				5223454E2EECDA0B002AB820 /* Sources */,
				5223454F2EECDA0B002AB820 /* Frameworks */,
				522345502EECDA0B002AB820 /* Resources */,
			);
			buildRules = (
			);
			dependencies = (
				522345542EECDA0B002AB820 /* PBXTargetDependency */,
			);
			fileSystemSynchronizedGroups = (
				522345552EECDA0B002AB820 /* PlanRader_iOSUITests */,
			);
			name = PlanRader_iOSUITests;
			packageProductDependencies = (
			);
			productName = PlanRader_iOSUITests;
			productReference = 522345522EECDA0B002AB820 /* PlanRader_iOSUITests.xctest */;
			productType = "com.apple.product-type.bundle.ui-testing";
		};
/* End PBXNativeTarget section */

/* Begin PBXProject section */
		5223452E2EECDA09002AB820 /* Project object */ = {
			isa = PBXProject;
			attributes = {
				BuildIndependentTargetsInParallel = 1;
				LastSwiftUpdateCheck = 1640;
				LastUpgradeCheck = 1640;
				TargetAttributes = {
					522345352EECDA09002AB820 = {
						CreatedOnToolsVersion = 16.4;
					};
					522345472EECDA0B002AB820 = {
						CreatedOnToolsVersion = 16.4;
						TestTargetID = 522345352EECDA09002AB820;
					};
					522345512EECDA0B002AB820 = {
						CreatedOnToolsVersion = 16.4;
						TestTargetID = 522345352EECDA09002AB820;
					};
				};
			};
			buildConfigurationList = 522345312EECDA09002AB820 /* Build configuration list for PBXProject "PlanRader_iOS" */;
			developmentRegion = en;
			hasScannedForEncodings = 0;
			knownRegions = (
				en,
				Base,
			);
			mainGroup = 5223452D2EECDA09002AB820;
			minimizedProjectReferenceProxies = 1;
			preferredProjectObjectVersion = 77;
			productRefGroup = 522345372EECDA09002AB820 /* Products */;
			projectDirPath = "";
			projectRoot = "";
			targets = (
				522345352EECDA09002AB820 /* PlanRader_iOS */,
				522345472EECDA0B002AB820 /* PlanRader_iOSTests */,
				522345512EECDA0B002AB820 /* PlanRader_iOSUITests */,
			);
		};
/* End PBXProject section */

/* Begin PBXResourcesBuildPhase section */
		522345342EECDA09002AB820 /* Resources */ = {
			isa = PBXResourcesBuildPhase;
			buildActionMask = 2147483647;
			files = (
			);
			runOnlyForDeploymentPostprocessing = 0;
		};
		522345462EECDA0B002AB820 /* Resources */ = {
			isa = PBXResourcesBuildPhase;
			buildActionMask = 2147483647;
			files = (
			);
			runOnlyForDeploymentPostprocessing = 0;
		};
		522345502EECDA0B002AB820 /* Resources */ = {
			isa = PBXResourcesBuildPhase;
			buildActionMask = 2147483647;
			files = (
			);
			runOnlyForDeploymentPostprocessing = 0;
		};
/* End PBXResourcesBuildPhase section */

/* Begin PBXSourcesBuildPhase section */
		522345322EECDA09002AB820 /* Sources */ = {
			isa = PBXSourcesBuildPhase;
			buildActionMask = 2147483647;
			files = (
			);
			runOnlyForDeploymentPostprocessing = 0;
		};
		522345442EECDA0B002AB820 /* Sources */ = {
			isa = PBXSourcesBuildPhase;
			buildActionMask = 2147483647;
			files = (
			);
			runOnlyForDeploymentPostprocessing = 0;
		};
		5223454E2EECDA0B002AB820 /* Sources */ = {
			isa = PBXSourcesBuildPhase;
			buildActionMask = 2147483647;
			files = (
			);
			runOnlyForDeploymentPostprocessing = 0;
		};
/* End PBXSourcesBuildPhase section */

/* Begin PBXTargetDependency section */
		5223454A2EECDA0B002AB820 /* PBXTargetDependency */ = {
			isa = PBXTargetDependency;
			target = 522345352EECDA09002AB820 /* PlanRader_iOS */;
			targetProxy = 522345492EECDA0B002AB820 /* PBXContainerItemProxy */;
		};
		522345542EECDA0B002AB820 /* PBXTargetDependency */ = {
			isa = PBXTargetDependency;
			target = 522345352EECDA09002AB820 /* PlanRader_iOS */;
			targetProxy = 522345532EECDA0B002AB820 /* PBXContainerItemProxy */;
		};
/* End PBXTargetDependency section */

/* Begin XCBuildConfiguration section */
		5223455A2EECDA0B002AB820 /* Debug */ = {
			isa = XCBuildConfiguration;
			buildSettings = {
				ALWAYS_SEARCH_USER_PATHS = NO;
				ASSETCATALOG_COMPILER_GENERATE_SWIFT_ASSET_SYMBOL_EXTENSIONS = YES;
				CLANG_ANALYZER_NONNULL = YES;
				CLANG_ANALYZER_NUMBER_OBJECT_CONVERSION = YES_AGGRESSIVE;
				CLANG_CXX_LANGUAGE_STANDARD = "gnu++20";
				CLANG_ENABLE_MODULES = YES;
				CLANG_ENABLE_OBJC_ARC = YES;
				CLANG_ENABLE_OBJC_WEAK = YES;
				CLANG_WARN_BLOCK_CAPTURE_AUTORELEASING = YES;
				CLANG_WARN_BOOL_CONVERSION = YES;
				CLANG_WARN_COMMA = YES;
				CLANG_WARN_CONSTANT_CONVERSION = YES;
				CLANG_WARN_DEPRECATED_OBJC_IMPLEMENTATIONS = YES;
				CLANG_WARN_DIRECT_OBJC_ISA_USAGE = YES_ERROR;
				CLANG_WARN_DOCUMENTATION_COMMENTS = YES;
				CLANG_WARN_EMPTY_BODY = YES;
				CLANG_WARN_ENUM_CONVERSION = YES;
				CLANG_WARN_INFINITE_RECURSION = YES;
				CLANG_WARN_INT_CONVERSION = YES;
				CLANG_WARN_NON_LITERAL_NULL_CONVERSION = YES;
				CLANG_WARN_OBJC_IMPLICIT_RETAIN_SELF = YES;
				CLANG_WARN_OBJC_LITERAL_CONVERSION = YES;
				CLANG_WARN_OBJC_ROOT_CLASS = YES_ERROR;
				CLANG_WARN_QUOTED_INCLUDE_IN_FRAMEWORK_HEADER = YES;
				CLANG_WARN_RANGE_LOOP_ANALYSIS = YES;
				CLANG_WARN_STRICT_PROTOTYPES = YES;
				CLANG_WARN_SUSPICIOUS_MOVE = YES;
				CLANG_WARN_UNGUARDED_AVAILABILITY = YES_AGGRESSIVE;
				CLANG_WARN_UNREACHABLE_CODE = YES;
				CLANG_WARN__DUPLICATE_METHOD_MATCH = YES;
				COPY_PHASE_STRIP = NO;
				DEBUG_INFORMATION_FORMAT = dwarf;
				ENABLE_STRICT_OBJC_MSGSEND = YES;
				ENABLE_TESTABILITY = YES;
				ENABLE_USER_SCRIPT_SANDBOXING = YES;
				GCC_C_LANGUAGE_STANDARD = gnu17;
				GCC_DYNAMIC_NO_PIC = NO;
				GCC_NO_COMMON_BLOCKS = YES;
				GCC_OPTIMIZATION_LEVEL = 0;
				GCC_PREPROCESSOR_DEFINITIONS = (
					"DEBUG=1",
					"$(inherited)",
				);
				GCC_WARN_64_TO_32_BIT_CONVERSION = YES;
				GCC_WARN_ABOUT_RETURN_TYPE = YES_ERROR;
				GCC_WARN_UNDECLARED_SELECTOR = YES;
				GCC_WARN_UNINITIALIZED_AUTOS = YES_AGGRESSIVE;
				GCC_WARN_UNUSED_FUNCTION = YES;
				GCC_WARN_UNUSED_VARIABLE = YES;
				IPHONEOS_DEPLOYMENT_TARGET = 18.5;
				LOCALIZATION_PREFERS_STRING_CATALOGS = YES;
				MTL_ENABLE_DEBUG_INFO = INCLUDE_SOURCE;
				MTL_FAST_MATH = YES;
				ONLY_ACTIVE_ARCH = YES;
				SDKROOT = iphoneos;
				SWIFT_ACTIVE_COMPILATION_CONDITIONS = "DEBUG $(inherited)";
				SWIFT_OPTIMIZATION_LEVEL = "-Onone";
			};
			name = Debug;
		};
		5223455B2EECDA0B002AB820 /* Release */ = {
			isa = XCBuildConfiguration;
			buildSettings = {
				ALWAYS_SEARCH_USER_PATHS = NO;
				ASSETCATALOG_COMPILER_GENERATE_SWIFT_ASSET_SYMBOL_EXTENSIONS = YES;
				CLANG_ANALYZER_NONNULL = YES;
				CLANG_ANALYZER_NUMBER_OBJECT_CONVERSION = YES_AGGRESSIVE;
				CLANG_CXX_LANGUAGE_STANDARD = "gnu++20";
				CLANG_ENABLE_MODULES = YES;
				CLANG_ENABLE_OBJC_ARC = YES;
				CLANG_ENABLE_OBJC_WEAK = YES;
				CLANG_WARN_BLOCK_CAPTURE_AUTORELEASING = YES;
				CLANG_WARN_BOOL_CONVERSION = YES;
				CLANG_WARN_COMMA = YES;
				CLANG_WARN_CONSTANT_CONVERSION = YES;
				CLANG_WARN_DEPRECATED_OBJC_IMPLEMENTATIONS = YES;
				CLANG_WARN_DIRECT_OBJC_ISA_USAGE = YES_ERROR;
				CLANG_WARN_DOCUMENTATION_COMMENTS = YES;
				CLANG_WARN_EMPTY_BODY = YES;
				CLANG_WARN_ENUM_CONVERSION = YES;
				CLANG_WARN_INFINITE_RECURSION = YES;
				CLANG_WARN_INT_CONVERSION = YES;
				CLANG_WARN_NON_LITERAL_NULL_CONVERSION = YES;
				CLANG_WARN_OBJC_IMPLICIT_RETAIN_SELF = YES;
				CLANG_WARN_OBJC_LITERAL_CONVERSION = YES;
				CLANG_WARN_OBJC_ROOT_CLASS = YES_ERROR;
				CLANG_WARN_QUOTED_INCLUDE_IN_FRAMEWORK_HEADER = YES;
				CLANG_WARN_RANGE_LOOP_ANALYSIS = YES;
				CLANG_WARN_STRICT_PROTOTYPES = YES;
				CLANG_WARN_SUSPICIOUS_MOVE = YES;
				CLANG_WARN_UNGUARDED_AVAILABILITY = YES_AGGRESSIVE;
				CLANG_WARN_UNREACHABLE_CODE = YES;
				CLANG_WARN__DUPLICATE_METHOD_MATCH = YES;
				COPY_PHASE_STRIP = NO;
				DEBUG_INFORMATION_FORMAT = "dwarf-with-dsym";
				ENABLE_NS_ASSERTIONS = NO;
				ENABLE_STRICT_OBJC_MSGSEND = YES;
				ENABLE_USER_SCRIPT_SANDBOXING = YES;
				GCC_C_LANGUAGE_STANDARD = gnu17;
				GCC_NO_COMMON_BLOCKS = YES;
				GCC_WARN_64_TO_32_BIT_CONVERSION = YES;
				GCC_WARN_ABOUT_RETURN_TYPE = YES_ERROR;
				GCC_WARN_UNDECLARED_SELECTOR = YES;
				GCC_WARN_UNINITIALIZED_AUTOS = YES_AGGRESSIVE;
				GCC_WARN_UNUSED_FUNCTION = YES;
				GCC_WARN_UNUSED_VARIABLE = YES;
				IPHONEOS_DEPLOYMENT_TARGET = 18.5;
				LOCALIZATION_PREFERS_STRING_CATALOGS = YES;
				MTL_ENABLE_DEBUG_INFO = NO;
				MTL_FAST_MATH = YES;
				SDKROOT = iphoneos;
				SWIFT_COMPILATION_MODE = wholemodule;
				VALIDATE_PRODUCT = YES;
			};
			name = Release;
		};
		5223455D2EECDA0B002AB820 /* Debug */ = {
			isa = XCBuildConfiguration;
			buildSettings = {
				ASSETCATALOG_COMPILER_APPICON_NAME = AppIcon;
				ASSETCATALOG_COMPILER_GLOBAL_ACCENT_COLOR_NAME = AccentColor;
				CODE_SIGN_STYLE = Automatic;
				CURRENT_PROJECT_VERSION = 1;
				ENABLE_PREVIEWS = YES;
				GENERATE_INFOPLIST_FILE = YES;
				INFOPLIST_KEY_UIApplicationSceneManifest_Generation = YES;
				INFOPLIST_KEY_UIApplicationSupportsIndirectInputEvents = YES;
				INFOPLIST_KEY_UILaunchScreen_Generation = YES;
				INFOPLIST_KEY_UISupportedInterfaceOrientations_iPad = "UIInterfaceOrientationPortrait UIInterfaceOrientationPortraitUpsideDown UIInterfaceOrientationLandscapeLeft UIInterfaceOrientationLandscapeRight";
				INFOPLIST_KEY_UISupportedInterfaceOrientations_iPhone = "UIInterfaceOrientationPortrait UIInterfaceOrientationLandscapeLeft UIInterfaceOrientationLandscapeRight";
				LD_RUNPATH_SEARCH_PATHS = (
					"$(inherited)",
					"@executable_path/Frameworks",
				);
				MARKETING_VERSION = 1.0;
				PRODUCT_BUNDLE_IDENTIFIER = "navigation.stack.demo.PlanRader-iOS";
				PRODUCT_NAME = "$(TARGET_NAME)";
				SWIFT_EMIT_LOC_STRINGS = YES;
				SWIFT_VERSION = 5.0;
				TARGETED_DEVICE_FAMILY = "1,2";
			};
			name = Debug;
		};
		5223455E2EECDA0B002AB820 /* Release */ = {
			isa = XCBuildConfiguration;
			buildSettings = {
				ASSETCATALOG_COMPILER_APPICON_NAME = AppIcon;
				ASSETCATALOG_COMPILER_GLOBAL_ACCENT_COLOR_NAME = AccentColor;
				CODE_SIGN_STYLE = Automatic;
				CURRENT_PROJECT_VERSION = 1;
				ENABLE_PREVIEWS = YES;
				GENERATE_INFOPLIST_FILE = YES;
				INFOPLIST_KEY_UIApplicationSceneManifest_Generation = YES;
				INFOPLIST_KEY_UIApplicationSupportsIndirectInputEvents = YES;
				INFOPLIST_KEY_UILaunchScreen_Generation = YES;
				INFOPLIST_KEY_UISupportedInterfaceOrientations_iPad = "UIInterfaceOrientationPortrait UIInterfaceOrientationPortraitUpsideDown UIInterfaceOrientationLandscapeLeft UIInterfaceOrientationLandscapeRight";
				INFOPLIST_KEY_UISupportedInterfaceOrientations_iPhone = "UIInterfaceOrientationPortrait UIInterfaceOrientationLandscapeLeft UIInterfaceOrientationLandscapeRight";
				LD_RUNPATH_SEARCH_PATHS = (
					"$(inherited)",
					"@executable_path/Frameworks",
				);
				MARKETING_VERSION = 1.0;
				PRODUCT_BUNDLE_IDENTIFIER = "navigation.stack.demo.PlanRader-iOS";
				PRODUCT_NAME = "$(TARGET_NAME)";
				SWIFT_EMIT_LOC_STRINGS = YES;
				SWIFT_VERSION = 5.0;
				TARGETED_DEVICE_FAMILY = "1,2";
			};
			name = Release;
		};
		522345602EECDA0B002AB820 /* Debug */ = {
			isa = XCBuildConfiguration;
			buildSettings = {
				BUNDLE_LOADER = "$(TEST_HOST)";
				CODE_SIGN_STYLE = Automatic;
				CURRENT_PROJECT_VERSION = 1;
				GENERATE_INFOPLIST_FILE = YES;
				IPHONEOS_DEPLOYMENT_TARGET = 18.5;
				MARKETING_VERSION = 1.0;
				PRODUCT_BUNDLE_IDENTIFIER = "navigation.stack.demo.PlanRader-iOSTests";
				PRODUCT_NAME = "$(TARGET_NAME)";
				SWIFT_EMIT_LOC_STRINGS = NO;
				SWIFT_VERSION = 5.0;
				TARGETED_DEVICE_FAMILY = "1,2";
				TEST_HOST = "$(BUILT_PRODUCTS_DIR)/PlanRader_iOS.app/$(BUNDLE_EXECUTABLE_FOLDER_PATH)/PlanRader_iOS";
			};
			name = Debug;
		};
		522345612EECDA0B002AB820 /* Release */ = {
			isa = XCBuildConfiguration;
			buildSettings = {
				BUNDLE_LOADER = "$(TEST_HOST)";
				CODE_SIGN_STYLE = Automatic;
				CURRENT_PROJECT_VERSION = 1;
				GENERATE_INFOPLIST_FILE = YES;
				IPHONEOS_DEPLOYMENT_TARGET = 18.5;
				MARKETING_VERSION = 1.0;
				PRODUCT_BUNDLE_IDENTIFIER = "navigation.stack.demo.PlanRader-iOSTests";
				PRODUCT_NAME = "$(TARGET_NAME)";
				SWIFT_EMIT_LOC_STRINGS = NO;
				SWIFT_VERSION = 5.0;
				TARGETED_DEVICE_FAMILY = "1,2";
				TEST_HOST = "$(BUILT_PRODUCTS_DIR)/PlanRader_iOS.app/$(BUNDLE_EXECUTABLE_FOLDER_PATH)/PlanRader_iOS";
			};
			name = Release;
		};
		522345632EECDA0B002AB820 /* Debug */ = {
			isa = XCBuildConfiguration;
			buildSettings = {
				CODE_SIGN_STYLE = Automatic;
				CURRENT_PROJECT_VERSION = 1;
				GENERATE_INFOPLIST_FILE = YES;
				MARKETING_VERSION = 1.0;
				PRODUCT_BUNDLE_IDENTIFIER = "navigation.stack.demo.PlanRader-iOSUITests";
				PRODUCT_NAME = "$(TARGET_NAME)";
				SWIFT_EMIT_LOC_STRINGS = NO;
				SWIFT_VERSION = 5.0;
				TARGETED_DEVICE_FAMILY = "1,2";
				TEST_TARGET_NAME = PlanRader_iOS;
			};
			name = Debug;
		};
		522345642EECDA0B002AB820 /* Release */ = {
			isa = XCBuildConfiguration;
			buildSettings = {
				CODE_SIGN_STYLE = Automatic;
				CURRENT_PROJECT_VERSION = 1;
				GENERATE_INFOPLIST_FILE = YES;
				MARKETING_VERSION = 1.0;
				PRODUCT_BUNDLE_IDENTIFIER = "navigation.stack.demo.PlanRader-iOSUITests";
				PRODUCT_NAME = "$(TARGET_NAME)";
				SWIFT_EMIT_LOC_STRINGS = NO;
				SWIFT_VERSION = 5.0;
				TARGETED_DEVICE_FAMILY = "1,2";
				TEST_TARGET_NAME = PlanRader_iOS;
			};
			name = Release;
		};
/* End XCBuildConfiguration section */

/* Begin XCConfigurationList section */
		522345312EECDA09002AB820 /* Build configuration list for PBXProject "PlanRader_iOS" */ = {
			isa = XCConfigurationList;
			buildConfigurations = (
				5223455A2EECDA0B002AB820 /* Debug */,
				5223455B2EECDA0B002AB820 /* Release */,
			);
			defaultConfigurationIsVisible = 0;
			defaultConfigurationName = Release;
		};
		5223455C2EECDA0B002AB820 /* Build configuration list for PBXNativeTarget "PlanRader_iOS" */ = {
			isa = XCConfigurationList;
			buildConfigurations = (
				5223455D2EECDA0B002AB820 /* Debug */,
				5223455E2EECDA0B002AB820 /* Release */,
			);
			defaultConfigurationIsVisible = 0;
			defaultConfigurationName = Release;
		};
		5223455F2EECDA0B002AB820 /* Build configuration list for PBXNativeTarget "PlanRader_iOSTests" */ = {
			isa = XCConfigurationList;
			buildConfigurations = (
				522345602EECDA0B002AB820 /* Debug */,
				522345612EECDA0B002AB820 /* Release */,
			);
			defaultConfigurationIsVisible = 0;
			defaultConfigurationName = Release;
		};
		522345622EECDA0B002AB820 /* Build configuration list for PBXNativeTarget "PlanRader_iOSUITests" */ = {
			isa = XCConfigurationList;
			buildConfigurations = (
				522345632EECDA0B002AB820 /* Debug */,
				522345642EECDA0B002AB820 /* Release */,
			);
			defaultConfigurationIsVisible = 0;
			defaultConfigurationName = Release;
		};
/* End XCConfigurationList section */
	};
	rootObject = 5223452E2EECDA09002AB820 /* Project object */;
}
